{
  "name": "whatsapp",
  "lockfileVersion": 3,
  "requires": true,
  "packages": {
    "": {
      "dependencies": {
        "opus-recorder": "^8.0.5"
      }
    },
    "node_modules/opus-recorder": {
      "version": "8.0.5",
      "resolved": "https://registry.npmjs.org/opus-recorder/-/opus-recorder-8.0.5.tgz",
      "integrity": "sha512-tBRXc9Btds7i3bVfA7d5rekAlyOcfsivt5vSIXHxRV1Oa+s6iXFW8omZ0Lm3ABWotVcEyKt96iIIUcgbV07YOw==",
      "license": "MIT"
    }
  }
}
